
Microsoft Visual Studio Solution File, Format Version 12.00
# Visual Studio Version 17
VisualStudioVersion = 17.5.33502.453
MinimumVisualStudioVersion = 10.0.40219.1
Project("{9A19103F-16F7-4668-BE54-9A1E7A4F7556}") = "Bank_Updated", "Bank_Updated\Bank_Updated.csproj", "{F298F0A8-A266-4F67-A35E-515D89716D3D}"
EndProject
Project("{9A19103F-16F7-4668-BE54-9A1E7A4F7556}") = "Entities", "Entities\Entities.csproj", "{6CD094CC-4F86-4248-AD6C-6C4A0CFFDBD9}"
EndProject
Project("{9A19103F-16F7-4668-BE54-9A1E7A4F7556}") = "RepositoryLayer", "RepositoryLayer\RepositoryLayer.csproj", "{3790BB81-3ECE-4901-87D7-8F55BF61FCDA}"
EndProject
Project("{9A19103F-16F7-4668-BE54-9A1E7A4F7556}") = "UnitOfWork", "UnitOfWork\UnitOfWork.csproj", "{18835C46-BDB1-4831-8D66-4913543BD3E8}"
EndProject
Project("{9A19103F-16F7-4668-BE54-9A1E7A4F7556}") = "BankLayer", "BankLayer\BankLayer.csproj", "{62FFFB3C-DE60-4CB5-B381-99DD65BC9BB3}"
EndProject
Project("{FAE04EC0-301F-11D3-BF4B-00C04F79EFBC}") = "ViewModels", "ViewModels\ViewModels.csproj", "{91491EE4-602D-44B5-87F7-5F6AD145375C}"
EndProject
Global
	GlobalSection(SolutionConfigurationPlatforms) = preSolution
		Debug|Any CPU = Debug|Any CPU
		Release|Any CPU = Release|Any CPU
	EndGlobalSection
	GlobalSection(ProjectConfigurationPlatforms) = postSolution
		{F298F0A8-A266-4F67-A35E-515D89716D3D}.Debug|Any CPU.ActiveCfg = Debug|Any CPU
		{F298F0A8-A266-4F67-A35E-515D89716D3D}.Debug|Any CPU.Build.0 = Debug|Any CPU
		{F298F0A8-A266-4F67-A35E-515D89716D3D}.Release|Any CPU.ActiveCfg = Release|Any CPU
		{F298F0A8-A266-4F67-A35E-515D89716D3D}.Release|Any CPU.Build.0 = Release|Any CPU
		{6CD094CC-4F86-4248-AD6C-6C4A0CFFDBD9}.Debug|Any CPU.ActiveCfg = Debug|Any CPU
		{6CD094CC-4F86-4248-AD6C-6C4A0CFFDBD9}.Debug|Any CPU.Build.0 = Debug|Any CPU
		{6CD094CC-4F86-4248-AD6C-6C4A0CFFDBD9}.Release|Any CPU.ActiveCfg = Release|Any CPU
		{6CD094CC-4F86-4248-AD6C-6C4A0CFFDBD9}.Release|Any CPU.Build.0 = Release|Any CPU
		{3790BB81-3ECE-4901-87D7-8F55BF61FCDA}.Debug|Any CPU.ActiveCfg = Debug|Any CPU
		{3790BB81-3ECE-4901-87D7-8F55BF61FCDA}.Debug|Any CPU.Build.0 = Debug|Any CPU
		{3790BB81-3ECE-4901-87D7-8F55BF61FCDA}.Release|Any CPU.ActiveCfg = Release|Any CPU
		{3790BB81-3ECE-4901-87D7-8F55BF61FCDA}.Release|Any CPU.Build.0 = Release|Any CPU
		{18835C46-BDB1-4831-8D66-4913543BD3E8}.Debug|Any CPU.ActiveCfg = Debug|Any CPU
		{18835C46-BDB1-4831-8D66-4913543BD3E8}.Debug|Any CPU.Build.0 = Debug|Any CPU
		{18835C46-BDB1-4831-8D66-4913543BD3E8}.Release|Any CPU.ActiveCfg = Release|Any CPU
		{18835C46-BDB1-4831-8D66-4913543BD3E8}.Release|Any CPU.Build.0 = Release|Any CPU
		{62FFFB3C-DE60-4CB5-B381-99DD65BC9BB3}.Debug|Any CPU.ActiveCfg = Debug|Any CPU
		{62FFFB3C-DE60-4CB5-B381-99DD65BC9BB3}.Debug|Any CPU.Build.0 = Debug|Any CPU
		{62FFFB3C-DE60-4CB5-B381-99DD65BC9BB3}.Release|Any CPU.ActiveCfg = Release|Any CPU
		{62FFFB3C-DE60-4CB5-B381-99DD65BC9BB3}.Release|Any CPU.Build.0 = Release|Any CPU
		{91491EE4-602D-44B5-87F7-5F6AD145375C}.Debug|Any CPU.ActiveCfg = Debug|Any CPU
		{91491EE4-602D-44B5-87F7-5F6AD145375C}.Debug|Any CPU.Build.0 = Debug|Any CPU
		{91491EE4-602D-44B5-87F7-5F6AD145375C}.Release|Any CPU.ActiveCfg = Release|Any CPU
		{91491EE4-602D-44B5-87F7-5F6AD145375C}.Release|Any CPU.Build.0 = Release|Any CPU
	EndGlobalSection
	GlobalSection(SolutionProperties) = preSolution
		HideSolutionNode = FALSE
	EndGlobalSection
	GlobalSection(ExtensibilityGlobals) = postSolution
		SolutionGuid = {D1433F1B-130F-4CEE-B30B-2A7DA0ADF140}
	EndGlobalSection
EndGlobal
